
Microsoft Visual Studio Solution File, Format Version 12.00
# Visual Studio Version 16
VisualStudioVersion = 16.0.30503.244
MinimumVisualStudioVersion = 10.0.40219.1
Project("{FAE04EC0-301F-11D3-BF4B-00C04F79EFBC}") = "DiscordLoggerConsole", "DiscordLoggerConsole\DiscordLoggerConsole.csproj", "{E5CACF5F-8959-4A07-A8F5-A7080E50FC4D}"
EndProject
Project("{FAE04EC0-301F-11D3-BF4B-00C04F79EFBC}") = "DiscordLoggerWPF", "DiscordLoggerWPF\DiscordLoggerWPF.csproj", "{547A6E82-D5EC-4628-82E3-9B78B70299C8}"
EndProject
Global
	GlobalSection(SolutionConfigurationPlatforms) = preSolution
		Debug|Any CPU = Debug|Any CPU
		Release|Any CPU = Release|Any CPU
	EndGlobalSection
	GlobalSection(ProjectConfigurationPlatforms) = postSolution
		{E5CACF5F-8959-4A07-A8F5-A7080E50FC4D}.Debug|Any CPU.ActiveCfg = Debug|Any CPU
		{E5CACF5F-8959-4A07-A8F5-A7080E50FC4D}.Debug|Any CPU.Build.0 = Debug|Any CPU
		{E5CACF5F-8959-4A07-A8F5-A7080E50FC4D}.Release|Any CPU.ActiveCfg = Release|Any CPU
		{E5CACF5F-8959-4A07-A8F5-A7080E50FC4D}.Release|Any CPU.Build.0 = Release|Any CPU
		{547A6E82-D5EC-4628-82E3-9B78B70299C8}.Debug|Any CPU.ActiveCfg = Debug|Any CPU
		{547A6E82-D5EC-4628-82E3-9B78B70299C8}.Debug|Any CPU.Build.0 = Debug|Any CPU
		{547A6E82-D5EC-4628-82E3-9B78B70299C8}.Release|Any CPU.ActiveCfg = Release|Any CPU
		{547A6E82-D5EC-4628-82E3-9B78B70299C8}.Release|Any CPU.Build.0 = Release|Any CPU
	EndGlobalSection
	GlobalSection(SolutionProperties) = preSolution
		HideSolutionNode = FALSE
	EndGlobalSection
	GlobalSection(ExtensibilityGlobals) = postSolution
		SolutionGuid = {91550655-5B97-4CA3-894A-99B288AF6D5D}
	EndGlobalSection
EndGlobal
